# This file is autogenerated, do not edit; changes may be undone by the next 'dep ensure'.


[[projects]]
  digest = "1:c2ad5bb23719eb948483e7dd508938f3414fde455b3a06c549c50442eabd6ad3"
  name = "github.com/vmware/govmomi"
  packages = [
    ".",
    "examples",
    "nfc",
    "object",
    "property",
    "session",
    "task",
    "view",
    "vim25",
    "vim25/debug",
    "vim25/methods",
    "vim25/mo",
    "vim25/progress",
    "vim25/soap",
    "vim25/types",
    "vim25/xml",
  ]
  pruneopts = "UT"
  revision = "bdf05b6cab86b1e9f40ee80a4d2cb07a0c25ef78"
  version = "v0.20.0"

[solve-meta]
  analyzer-name = "dep"
  analyzer-version = 1
  input-imports = [
    "github.com/vmware/govmomi/examples",
    "github.com/vmware/govmomi/view",
    "github.com/vmware/govmomi/vim25/mo",
  ]
  solver-name = "gps-cdcl"
  solver-version = 1
